
Microsoft Visual Studio Solution File, Format Version 12.00
# Visual Studio Version 17
VisualStudioVersion = 17.0.31903.59
MinimumVisualStudioVersion = 10.0.40219.1
Project("{9A19103F-16F7-4668-BE54-9A1E7A4F7556}") = "EnvironmentServer.Web", "EnvironmentServer.Web\EnvironmentServer.Web.csproj", "{E882F796-AB47-4872-B46C-8F72081EDB57}"
EndProject
Project("{9A19103F-16F7-4668-BE54-9A1E7A4F7556}") = "EnvironmentServer.DAL", "EnvironmentServer.DAL\EnvironmentServer.DAL.csproj", "{091700FA-507B-4529-9311-BEFF03A96453}"
EndProject
Project("{9A19103F-16F7-4668-BE54-9A1E7A4F7556}") = "EnvironmentServer.Daemon", "EnvironmentServer.Daemon\EnvironmentServer.Daemon.csproj", "{73DA4AC6-41B8-41B1-8847-F8B88CCE01B5}"
EndProject
Project("{9A19103F-16F7-4668-BE54-9A1E7A4F7556}") = "EnvironmentServer.SlackBot", "EnvironmentServer.SlackBot\EnvironmentServer.SlackBot.csproj", "{E76BB536-AD81-4F6E-96ED-A2FC67A8F074}"
EndProject
Project("{9A19103F-16F7-4668-BE54-9A1E7A4F7556}") = "EnvironmentServer.Interfaces", "EnvironmentServer.Interfaces\EnvironmentServer.Interfaces.csproj", "{00F86BDF-5FA0-44CB-9AF8-E15A1221EE07}"
EndProject
Project("{9A19103F-16F7-4668-BE54-9A1E7A4F7556}") = "EnvironmentServer.Tester", "EnvironmentServer.Tester\EnvironmentServer.Tester.csproj", "{70AA0FAF-6A63-41C9-87B4-7A6ED6CCECB1}"
EndProject
Project("{FAE04EC0-301F-11D3-BF4B-00C04F79EFBC}") = "EnvironmentServer.Util", "EnvironmentServer.Util\EnvironmentServer.Util.csproj", "{3D1D4DAC-B3DD-4116-A3AD-50C43CDFD892}"
EndProject
Global
	GlobalSection(SolutionConfigurationPlatforms) = preSolution
		Debug|Any CPU = Debug|Any CPU
		Release|Any CPU = Release|Any CPU
	EndGlobalSection
	GlobalSection(ProjectConfigurationPlatforms) = postSolution
		{E882F796-AB47-4872-B46C-8F72081EDB57}.Debug|Any CPU.ActiveCfg = Debug|Any CPU
		{E882F796-AB47-4872-B46C-8F72081EDB57}.Debug|Any CPU.Build.0 = Debug|Any CPU
		{E882F796-AB47-4872-B46C-8F72081EDB57}.Release|Any CPU.ActiveCfg = Release|Any CPU
		{E882F796-AB47-4872-B46C-8F72081EDB57}.Release|Any CPU.Build.0 = Release|Any CPU
		{091700FA-507B-4529-9311-BEFF03A96453}.Debug|Any CPU.ActiveCfg = Debug|Any CPU
		{091700FA-507B-4529-9311-BEFF03A96453}.Debug|Any CPU.Build.0 = Debug|Any CPU
		{091700FA-507B-4529-9311-BEFF03A96453}.Release|Any CPU.ActiveCfg = Release|Any CPU
		{091700FA-507B-4529-9311-BEFF03A96453}.Release|Any CPU.Build.0 = Release|Any CPU
		{73DA4AC6-41B8-41B1-8847-F8B88CCE01B5}.Debug|Any CPU.ActiveCfg = Debug|Any CPU
		{73DA4AC6-41B8-41B1-8847-F8B88CCE01B5}.Debug|Any CPU.Build.0 = Debug|Any CPU
		{73DA4AC6-41B8-41B1-8847-F8B88CCE01B5}.Release|Any CPU.ActiveCfg = Release|Any CPU
		{73DA4AC6-41B8-41B1-8847-F8B88CCE01B5}.Release|Any CPU.Build.0 = Release|Any CPU
		{E76BB536-AD81-4F6E-96ED-A2FC67A8F074}.Debug|Any CPU.ActiveCfg = Debug|Any CPU
		{E76BB536-AD81-4F6E-96ED-A2FC67A8F074}.Debug|Any CPU.Build.0 = Debug|Any CPU
		{E76BB536-AD81-4F6E-96ED-A2FC67A8F074}.Release|Any CPU.ActiveCfg = Release|Any CPU
		{E76BB536-AD81-4F6E-96ED-A2FC67A8F074}.Release|Any CPU.Build.0 = Release|Any CPU
		{00F86BDF-5FA0-44CB-9AF8-E15A1221EE07}.Debug|Any CPU.ActiveCfg = Debug|Any CPU
		{00F86BDF-5FA0-44CB-9AF8-E15A1221EE07}.Debug|Any CPU.Build.0 = Debug|Any CPU
		{00F86BDF-5FA0-44CB-9AF8-E15A1221EE07}.Release|Any CPU.ActiveCfg = Release|Any CPU
		{00F86BDF-5FA0-44CB-9AF8-E15A1221EE07}.Release|Any CPU.Build.0 = Release|Any CPU
		{70AA0FAF-6A63-41C9-87B4-7A6ED6CCECB1}.Debug|Any CPU.ActiveCfg = Debug|Any CPU
		{70AA0FAF-6A63-41C9-87B4-7A6ED6CCECB1}.Debug|Any CPU.Build.0 = Debug|Any CPU
		{70AA0FAF-6A63-41C9-87B4-7A6ED6CCECB1}.Release|Any CPU.ActiveCfg = Release|Any CPU
		{70AA0FAF-6A63-41C9-87B4-7A6ED6CCECB1}.Release|Any CPU.Build.0 = Release|Any CPU
		{3D1D4DAC-B3DD-4116-A3AD-50C43CDFD892}.Debug|Any CPU.ActiveCfg = Debug|Any CPU
		{3D1D4DAC-B3DD-4116-A3AD-50C43CDFD892}.Debug|Any CPU.Build.0 = Debug|Any CPU
		{3D1D4DAC-B3DD-4116-A3AD-50C43CDFD892}.Release|Any CPU.ActiveCfg = Release|Any CPU
		{3D1D4DAC-B3DD-4116-A3AD-50C43CDFD892}.Release|Any CPU.Build.0 = Release|Any CPU
	EndGlobalSection
	GlobalSection(SolutionProperties) = preSolution
		HideSolutionNode = FALSE
	EndGlobalSection
	GlobalSection(ExtensibilityGlobals) = postSolution
		SolutionGuid = {5249989D-526A-4E16-8FBD-27D81945D8B8}
	EndGlobalSection
EndGlobal
